
Microsoft Visual Studio Solution File, Format Version 11.00
# Visual Studio 2010
Project("{FAE04EC0-301F-11D3-BF4B-00C04F79EFBC}") = "SilverlockLibSilverlight", "libsilverlight\SilverlockLibSilverlight.csproj", "{C3209382-E7A2-44DB-9209-7645D5F6A5F7}"
EndProject
Project("{FAE04EC0-301F-11D3-BF4B-00C04F79EFBC}") = "WFNETTEST", "WFNETTEST\WFNETTEST.csproj", "{AA67B42E-BE87-4068-9257-A400382773CF}"
EndProject
Project("{FAE04EC0-301F-11D3-BF4B-00C04F79EFBC}") = "SilverlockLib.NET", "libclr\SilverlockLib.NET.csproj", "{96C45711-B3D3-4BB7-BE2F-40728332C2F3}"
EndProject
Global
	GlobalSection(SolutionConfigurationPlatforms) = preSolution
		Debug|Any CPU = Debug|Any CPU
		Debug|Mixed Platforms = Debug|Mixed Platforms
		Debug|x86 = Debug|x86
		Release|Any CPU = Release|Any CPU
		Release|Mixed Platforms = Release|Mixed Platforms
		Release|x86 = Release|x86
	EndGlobalSection
	GlobalSection(ProjectConfigurationPlatforms) = postSolution
		{C3209382-E7A2-44DB-9209-7645D5F6A5F7}.Debug|Any CPU.ActiveCfg = Debug|Any CPU
		{C3209382-E7A2-44DB-9209-7645D5F6A5F7}.Debug|Any CPU.Build.0 = Debug|Any CPU
		{C3209382-E7A2-44DB-9209-7645D5F6A5F7}.Debug|Mixed Platforms.ActiveCfg = Debug|Any CPU
		{C3209382-E7A2-44DB-9209-7645D5F6A5F7}.Debug|Mixed Platforms.Build.0 = Debug|Any CPU
		{C3209382-E7A2-44DB-9209-7645D5F6A5F7}.Debug|x86.ActiveCfg = Debug|Any CPU
		{C3209382-E7A2-44DB-9209-7645D5F6A5F7}.Release|Any CPU.ActiveCfg = Release|Any CPU
		{C3209382-E7A2-44DB-9209-7645D5F6A5F7}.Release|Any CPU.Build.0 = Release|Any CPU
		{C3209382-E7A2-44DB-9209-7645D5F6A5F7}.Release|Mixed Platforms.ActiveCfg = Release|Any CPU
		{C3209382-E7A2-44DB-9209-7645D5F6A5F7}.Release|x86.ActiveCfg = Release|Any CPU
		{AA67B42E-BE87-4068-9257-A400382773CF}.Debug|Any CPU.ActiveCfg = Debug|x86
		{AA67B42E-BE87-4068-9257-A400382773CF}.Debug|Mixed Platforms.ActiveCfg = Debug|x86
		{AA67B42E-BE87-4068-9257-A400382773CF}.Debug|Mixed Platforms.Build.0 = Debug|x86
		{AA67B42E-BE87-4068-9257-A400382773CF}.Debug|x86.ActiveCfg = Debug|x86
		{AA67B42E-BE87-4068-9257-A400382773CF}.Debug|x86.Build.0 = Debug|x86
		{AA67B42E-BE87-4068-9257-A400382773CF}.Release|Any CPU.ActiveCfg = Release|x86
		{AA67B42E-BE87-4068-9257-A400382773CF}.Release|Mixed Platforms.ActiveCfg = Release|x86
		{AA67B42E-BE87-4068-9257-A400382773CF}.Release|Mixed Platforms.Build.0 = Release|x86
		{AA67B42E-BE87-4068-9257-A400382773CF}.Release|x86.ActiveCfg = Release|x86
		{AA67B42E-BE87-4068-9257-A400382773CF}.Release|x86.Build.0 = Release|x86
		{96C45711-B3D3-4BB7-BE2F-40728332C2F3}.Debug|Any CPU.ActiveCfg = Debug|Any CPU
		{96C45711-B3D3-4BB7-BE2F-40728332C2F3}.Debug|Any CPU.Build.0 = Debug|Any CPU
		{96C45711-B3D3-4BB7-BE2F-40728332C2F3}.Debug|Mixed Platforms.ActiveCfg = Debug|Any CPU
		{96C45711-B3D3-4BB7-BE2F-40728332C2F3}.Debug|Mixed Platforms.Build.0 = Debug|Any CPU
		{96C45711-B3D3-4BB7-BE2F-40728332C2F3}.Debug|x86.ActiveCfg = Debug|Any CPU
		{96C45711-B3D3-4BB7-BE2F-40728332C2F3}.Release|Any CPU.ActiveCfg = Release|Any CPU
		{96C45711-B3D3-4BB7-BE2F-40728332C2F3}.Release|Any CPU.Build.0 = Release|Any CPU
		{96C45711-B3D3-4BB7-BE2F-40728332C2F3}.Release|Mixed Platforms.ActiveCfg = Release|Any CPU
		{96C45711-B3D3-4BB7-BE2F-40728332C2F3}.Release|Mixed Platforms.Build.0 = Release|Any CPU
		{96C45711-B3D3-4BB7-BE2F-40728332C2F3}.Release|x86.ActiveCfg = Release|Any CPU
	EndGlobalSection
	GlobalSection(SolutionProperties) = preSolution
		HideSolutionNode = FALSE
	EndGlobalSection
EndGlobal
