// !$*UTF8*$!
{
	archiveVersion = 1;
	classes = {
	};
	objectVersion = 46;
	objects = {

/* Begin PBXBuildFile section */
		14B920641515176B00966AA7 /* Cocoa.framework in Frameworks */ = {isa = PBXBuildFile; fileRef = 14B920631515176B00966AA7 /* Cocoa.framework */; };
		14B9206E1515176C00966AA7 /* InfoPlist.strings in Resources */ = {isa = PBXBuildFile; fileRef = 14B9206C1515176C00966AA7 /* InfoPlist.strings */; };
		14B920A71515197900966AA7 /* Database.h in Headers */ = {isa = PBXBuildFile; fileRef = 14B9209A1515197900966AA7 /* Database.h */; };
		14B920A81515197900966AA7 /* Database.i.h in Headers */ = {isa = PBXBuildFile; fileRef = 14B9209B1515197900966AA7 /* Database.i.h */; };
		14B920A91515197900966AA7 /* Database.m in Sources */ = {isa = PBXBuildFile; fileRef = 14B9209C1515197900966AA7 /* Database.m */; };
		14B920AA1515197900966AA7 /* DatabaseNode.h in Headers */ = {isa = PBXBuildFile; fileRef = 14B9209D1515197900966AA7 /* DatabaseNode.h */; };
		14B920AB1515197900966AA7 /* DatabaseNode.i.h in Headers */ = {isa = PBXBuildFile; fileRef = 14B9209E1515197900966AA7 /* DatabaseNode.i.h */; };
		14B920AC1515197900966AA7 /* DatabaseNode.m in Sources */ = {isa = PBXBuildFile; fileRef = 14B9209F1515197900966AA7 /* DatabaseNode.m */; };
		14B920AD1515197900966AA7 /* Entry.h in Headers */ = {isa = PBXBuildFile; fileRef = 14B920A01515197900966AA7 /* Entry.h */; };
		14B920AE1515197900966AA7 /* Entry.i.h in Headers */ = {isa = PBXBuildFile; fileRef = 14B920A11515197900966AA7 /* Entry.i.h */; };
		14B920AF1515197900966AA7 /* Entry.m in Sources */ = {isa = PBXBuildFile; fileRef = 14B920A21515197900966AA7 /* Entry.m */; };
		14B920B01515197900966AA7 /* Group.h in Headers */ = {isa = PBXBuildFile; fileRef = 14B920A31515197900966AA7 /* Group.h */; };
		14B920B11515197900966AA7 /* Group.i.h in Headers */ = {isa = PBXBuildFile; fileRef = 14B920A41515197900966AA7 /* Group.i.h */; };
		14B920B21515197900966AA7 /* Group.m in Sources */ = {isa = PBXBuildFile; fileRef = 14B920A51515197900966AA7 /* Group.m */; };
		14B920B31515197900966AA7 /* Untitled.m in Sources */ = {isa = PBXBuildFile; fileRef = 14B920A61515197900966AA7 /* Untitled.m */; };
/* End PBXBuildFile section */

/* Begin PBXFileReference section */
		14B920601515176B00966AA7 /* silverlocklibobjc.framework */ = {isa = PBXFileReference; explicitFileType = wrapper.framework; includeInIndex = 0; path = silverlocklibobjc.framework; sourceTree = BUILT_PRODUCTS_DIR; };
		14B920631515176B00966AA7 /* Cocoa.framework */ = {isa = PBXFileReference; lastKnownFileType = wrapper.framework; name = Cocoa.framework; path = System/Library/Frameworks/Cocoa.framework; sourceTree = SDKROOT; };
		14B920661515176B00966AA7 /* AppKit.framework */ = {isa = PBXFileReference; lastKnownFileType = wrapper.framework; name = AppKit.framework; path = System/Library/Frameworks/AppKit.framework; sourceTree = SDKROOT; };
		14B920671515176B00966AA7 /* CoreData.framework */ = {isa = PBXFileReference; lastKnownFileType = wrapper.framework; name = CoreData.framework; path = System/Library/Frameworks/CoreData.framework; sourceTree = SDKROOT; };
		14B920681515176B00966AA7 /* Foundation.framework */ = {isa = PBXFileReference; lastKnownFileType = wrapper.framework; name = Foundation.framework; path = System/Library/Frameworks/Foundation.framework; sourceTree = SDKROOT; };
		14B9206B1515176C00966AA7 /* silverlocklibobjc-Info.plist */ = {isa = PBXFileReference; lastKnownFileType = text.plist.xml; path = "silverlocklibobjc-Info.plist"; sourceTree = "<group>"; };
		14B9206D1515176C00966AA7 /* en */ = {isa = PBXFileReference; lastKnownFileType = text.plist.strings; name = en; path = en.lproj/InfoPlist.strings; sourceTree = "<group>"; };
		14B9206F1515176C00966AA7 /* silverlocklibobjc-Prefix.pch */ = {isa = PBXFileReference; lastKnownFileType = sourcecode.c.h; path = "silverlocklibobjc-Prefix.pch"; sourceTree = "<group>"; };
		14B9209A1515197900966AA7 /* Database.h */ = {isa = PBXFileReference; fileEncoding = 4; lastKnownFileType = sourcecode.c.h; path = Database.h; sourceTree = "<group>"; };
		14B9209B1515197900966AA7 /* Database.i.h */ = {isa = PBXFileReference; fileEncoding = 4; lastKnownFileType = sourcecode.c.h; path = Database.i.h; sourceTree = "<group>"; };
		14B9209C1515197900966AA7 /* Database.m */ = {isa = PBXFileReference; fileEncoding = 4; lastKnownFileType = sourcecode.c.objc; path = Database.m; sourceTree = "<group>"; };
		14B9209D1515197900966AA7 /* DatabaseNode.h */ = {isa = PBXFileReference; fileEncoding = 4; lastKnownFileType = sourcecode.c.h; path = DatabaseNode.h; sourceTree = "<group>"; };
		14B9209E1515197900966AA7 /* DatabaseNode.i.h */ = {isa = PBXFileReference; fileEncoding = 4; lastKnownFileType = sourcecode.c.h; path = DatabaseNode.i.h; sourceTree = "<group>"; };
		14B9209F1515197900966AA7 /* DatabaseNode.m */ = {isa = PBXFileReference; fileEncoding = 4; lastKnownFileType = sourcecode.c.objc; path = DatabaseNode.m; sourceTree = "<group>"; };
		14B920A01515197900966AA7 /* Entry.h */ = {isa = PBXFileReference; fileEncoding = 4; lastKnownFileType = sourcecode.c.h; path = Entry.h; sourceTree = "<group>"; };
		14B920A11515197900966AA7 /* Entry.i.h */ = {isa = PBXFileReference; fileEncoding = 4; lastKnownFileType = sourcecode.c.h; path = Entry.i.h; sourceTree = "<group>"; };
		14B920A21515197900966AA7 /* Entry.m */ = {isa = PBXFileReference; fileEncoding = 4; lastKnownFileType = sourcecode.c.objc; path = Entry.m; sourceTree = "<group>"; };
		14B920A31515197900966AA7 /* Group.h */ = {isa = PBXFileReference; fileEncoding = 4; lastKnownFileType = sourcecode.c.h; path = Group.h; sourceTree = "<group>"; };
		14B920A41515197900966AA7 /* Group.i.h */ = {isa = PBXFileReference; fileEncoding = 4; lastKnownFileType = sourcecode.c.h; path = Group.i.h; sourceTree = "<group>"; };
		14B920A51515197900966AA7 /* Group.m */ = {isa = PBXFileReference; fileEncoding = 4; lastKnownFileType = sourcecode.c.objc; path = Group.m; sourceTree = "<group>"; };
		14B920A61515197900966AA7 /* Untitled.m */ = {isa = PBXFileReference; fileEncoding = 4; lastKnownFileType = sourcecode.c.objc; path = Untitled.m; sourceTree = "<group>"; };
/* End PBXFileReference section */

/* Begin PBXFrameworksBuildPhase section */
		14B9205C1515176B00966AA7 /* Frameworks */ = {
			isa = PBXFrameworksBuildPhase;
			buildActionMask = 2147483647;
			files = (
				14B920641515176B00966AA7 /* Cocoa.framework in Frameworks */,
			);
			runOnlyForDeploymentPostprocessing = 0;
		};
/* End PBXFrameworksBuildPhase section */

/* Begin PBXGroup section */
		14B920541515176B00966AA7 = {
			isa = PBXGroup;
			children = (
				14B920691515176B00966AA7 /* src */,
				14B920621515176B00966AA7 /* Frameworks */,
				14B920611515176B00966AA7 /* Products */,
			);
			sourceTree = "<group>";
		};
		14B920611515176B00966AA7 /* Products */ = {
			isa = PBXGroup;
			children = (
				14B920601515176B00966AA7 /* silverlocklibobjc.framework */,
			);
			name = Products;
			sourceTree = "<group>";
		};
		14B920621515176B00966AA7 /* Frameworks */ = {
			isa = PBXGroup;
			children = (
				14B920631515176B00966AA7 /* Cocoa.framework */,
				14B920651515176B00966AA7 /* Other Frameworks */,
			);
			name = Frameworks;
			sourceTree = "<group>";
		};
		14B920651515176B00966AA7 /* Other Frameworks */ = {
			isa = PBXGroup;
			children = (
				14B920661515176B00966AA7 /* AppKit.framework */,
				14B920671515176B00966AA7 /* CoreData.framework */,
				14B920681515176B00966AA7 /* Foundation.framework */,
			);
			name = "Other Frameworks";
			sourceTree = "<group>";
		};
		14B920691515176B00966AA7 /* src */ = {
			isa = PBXGroup;
			children = (
				14B9209A1515197900966AA7 /* Database.h */,
				14B9209B1515197900966AA7 /* Database.i.h */,
				14B9209C1515197900966AA7 /* Database.m */,
				14B9209D1515197900966AA7 /* DatabaseNode.h */,
				14B9209E1515197900966AA7 /* DatabaseNode.i.h */,
				14B9209F1515197900966AA7 /* DatabaseNode.m */,
				14B920A01515197900966AA7 /* Entry.h */,
				14B920A11515197900966AA7 /* Entry.i.h */,
				14B920A21515197900966AA7 /* Entry.m */,
				14B920A31515197900966AA7 /* Group.h */,
				14B920A41515197900966AA7 /* Group.i.h */,
				14B920A51515197900966AA7 /* Group.m */,
				14B920A61515197900966AA7 /* Untitled.m */,
				14B9206A1515176C00966AA7 /* Supporting Files */,
			);
			path = src;
			sourceTree = "<group>";
		};
		14B9206A1515176C00966AA7 /* Supporting Files */ = {
			isa = PBXGroup;
			children = (
				14B9206B1515176C00966AA7 /* silverlocklibobjc-Info.plist */,
				14B9206C1515176C00966AA7 /* InfoPlist.strings */,
				14B9206F1515176C00966AA7 /* silverlocklibobjc-Prefix.pch */,
			);
			name = "Supporting Files";
			sourceTree = "<group>";
		};
/* End PBXGroup section */

/* Begin PBXHeadersBuildPhase section */
		14B9205D1515176B00966AA7 /* Headers */ = {
			isa = PBXHeadersBuildPhase;
			buildActionMask = 2147483647;
			files = (
				14B920A71515197900966AA7 /* Database.h in Headers */,
				14B920A81515197900966AA7 /* Database.i.h in Headers */,
				14B920AA1515197900966AA7 /* DatabaseNode.h in Headers */,
				14B920AB1515197900966AA7 /* DatabaseNode.i.h in Headers */,
				14B920AD1515197900966AA7 /* Entry.h in Headers */,
				14B920AE1515197900966AA7 /* Entry.i.h in Headers */,
				14B920B01515197900966AA7 /* Group.h in Headers */,
				14B920B11515197900966AA7 /* Group.i.h in Headers */,
			);
			runOnlyForDeploymentPostprocessing = 0;
		};
/* End PBXHeadersBuildPhase section */

/* Begin PBXNativeTarget section */
		14B9205F1515176B00966AA7 /* silverlocklibobjc */ = {
			isa = PBXNativeTarget;
			buildConfigurationList = 14B920751515176C00966AA7 /* Build configuration list for PBXNativeTarget "silverlocklibobjc" */;
			buildPhases = (
				14B9205B1515176B00966AA7 /* Sources */,
				14B9205C1515176B00966AA7 /* Frameworks */,
				14B9205D1515176B00966AA7 /* Headers */,
				14B9205E1515176B00966AA7 /* Resources */,
			);
			buildRules = (
			);
			dependencies = (
			);
			name = silverlocklibobjc;
			productName = silverlocklibobjc;
			productReference = 14B920601515176B00966AA7 /* silverlocklibobjc.framework */;
			productType = "com.apple.product-type.framework";
		};
/* End PBXNativeTarget section */

/* Begin PBXProject section */
		14B920561515176B00966AA7 /* Project object */ = {
			isa = PBXProject;
			attributes = {
				LastUpgradeCheck = 0430;
			};
			buildConfigurationList = 14B920591515176B00966AA7 /* Build configuration list for PBXProject "silverlocklibobjc" */;
			compatibilityVersion = "Xcode 3.2";
			developmentRegion = English;
			hasScannedForEncodings = 0;
			knownRegions = (
				en,
			);
			mainGroup = 14B920541515176B00966AA7;
			productRefGroup = 14B920611515176B00966AA7 /* Products */;
			projectDirPath = "";
			projectRoot = "";
			targets = (
				14B9205F1515176B00966AA7 /* silverlocklibobjc */,
			);
		};
/* End PBXProject section */

/* Begin PBXResourcesBuildPhase section */
		14B9205E1515176B00966AA7 /* Resources */ = {
			isa = PBXResourcesBuildPhase;
			buildActionMask = 2147483647;
			files = (
				14B9206E1515176C00966AA7 /* InfoPlist.strings in Resources */,
			);
			runOnlyForDeploymentPostprocessing = 0;
		};
/* End PBXResourcesBuildPhase section */

/* Begin PBXSourcesBuildPhase section */
		14B9205B1515176B00966AA7 /* Sources */ = {
			isa = PBXSourcesBuildPhase;
			buildActionMask = 2147483647;
			files = (
				14B920A91515197900966AA7 /* Database.m in Sources */,
				14B920AC1515197900966AA7 /* DatabaseNode.m in Sources */,
				14B920AF1515197900966AA7 /* Entry.m in Sources */,
				14B920B21515197900966AA7 /* Group.m in Sources */,
				14B920B31515197900966AA7 /* Untitled.m in Sources */,
			);
			runOnlyForDeploymentPostprocessing = 0;
		};
/* End PBXSourcesBuildPhase section */

/* Begin PBXVariantGroup section */
		14B9206C1515176C00966AA7 /* InfoPlist.strings */ = {
			isa = PBXVariantGroup;
			children = (
				14B9206D1515176C00966AA7 /* en */,
			);
			name = InfoPlist.strings;
			sourceTree = "<group>";
		};
/* End PBXVariantGroup section */

/* Begin XCBuildConfiguration section */
		14B920731515176C00966AA7 /* Debug */ = {
			isa = XCBuildConfiguration;
			buildSettings = {
				ALWAYS_SEARCH_USER_PATHS = NO;
				ARCHS = "$(ARCHS_STANDARD_64_BIT)";
				COPY_PHASE_STRIP = NO;
				GCC_C_LANGUAGE_STANDARD = gnu99;
				GCC_DYNAMIC_NO_PIC = NO;
				GCC_ENABLE_OBJC_EXCEPTIONS = YES;
				GCC_OPTIMIZATION_LEVEL = 0;
				GCC_PREPROCESSOR_DEFINITIONS = (
					"DEBUG=1",
					"$(inherited)",
				);
				GCC_SYMBOLS_PRIVATE_EXTERN = NO;
				GCC_VERSION = com.apple.compilers.llvm.clang.1_0;
				GCC_WARN_64_TO_32_BIT_CONVERSION = YES;
				GCC_WARN_ABOUT_RETURN_TYPE = YES;
				GCC_WARN_UNINITIALIZED_AUTOS = YES;
				GCC_WARN_UNUSED_VARIABLE = YES;
				MACOSX_DEPLOYMENT_TARGET = 10.7;
				ONLY_ACTIVE_ARCH = YES;
				SDKROOT = macosx;
			};
			name = Debug;
		};
		14B920741515176C00966AA7 /* Release */ = {
			isa = XCBuildConfiguration;
			buildSettings = {
				ALWAYS_SEARCH_USER_PATHS = NO;
				ARCHS = "$(ARCHS_STANDARD_64_BIT)";
				COPY_PHASE_STRIP = YES;
				DEBUG_INFORMATION_FORMAT = "dwarf-with-dsym";
				GCC_C_LANGUAGE_STANDARD = gnu99;
				GCC_ENABLE_OBJC_EXCEPTIONS = YES;
				GCC_VERSION = com.apple.compilers.llvm.clang.1_0;
				GCC_WARN_64_TO_32_BIT_CONVERSION = YES;
				GCC_WARN_ABOUT_RETURN_TYPE = YES;
				GCC_WARN_UNINITIALIZED_AUTOS = YES;
				GCC_WARN_UNUSED_VARIABLE = YES;
				MACOSX_DEPLOYMENT_TARGET = 10.7;
				SDKROOT = macosx;
			};
			name = Release;
		};
		14B920761515176C00966AA7 /* Debug */ = {
			isa = XCBuildConfiguration;
			buildSettings = {
				DYLIB_COMPATIBILITY_VERSION = 1;
				DYLIB_CURRENT_VERSION = 1;
				FRAMEWORK_VERSION = A;
				GCC_PRECOMPILE_PREFIX_HEADER = YES;
				GCC_PREFIX_HEADER = "src/silverlocklibobjc-Prefix.pch";
				INFOPLIST_FILE = "src/silverlocklibobjc-Info.plist";
				PRODUCT_NAME = "$(TARGET_NAME)";
				WRAPPER_EXTENSION = framework;
			};
			name = Debug;
		};
		14B920771515176C00966AA7 /* Release */ = {
			isa = XCBuildConfiguration;
			buildSettings = {
				DYLIB_COMPATIBILITY_VERSION = 1;
				DYLIB_CURRENT_VERSION = 1;
				FRAMEWORK_VERSION = A;
				GCC_PRECOMPILE_PREFIX_HEADER = YES;
				GCC_PREFIX_HEADER = "src/silverlocklibobjc-Prefix.pch";
				INFOPLIST_FILE = "src/silverlocklibobjc-Info.plist";
				PRODUCT_NAME = "$(TARGET_NAME)";
				WRAPPER_EXTENSION = framework;
			};
			name = Release;
		};
/* End XCBuildConfiguration section */

/* Begin XCConfigurationList section */
		14B920591515176B00966AA7 /* Build configuration list for PBXProject "silverlocklibobjc" */ = {
			isa = XCConfigurationList;
			buildConfigurations = (
				14B920731515176C00966AA7 /* Debug */,
				14B920741515176C00966AA7 /* Release */,
			);
			defaultConfigurationIsVisible = 0;
			defaultConfigurationName = Release;
		};
		14B920751515176C00966AA7 /* Build configuration list for PBXNativeTarget "silverlocklibobjc" */ = {
			isa = XCConfigurationList;
			buildConfigurations = (
				14B920761515176C00966AA7 /* Debug */,
				14B920771515176C00966AA7 /* Release */,
			);
			defaultConfigurationIsVisible = 0;
			defaultConfigurationName = Release;
		};
/* End XCConfigurationList section */
	};
	rootObject = 14B920561515176B00966AA7 /* Project object */;
}
