// !$*UTF8*$!
{
	archiveVersion = 1;
	classes = {
	};
	objectVersion = 46;
	objects = {

/* Begin PBXBuildFile section */
		14B920481515171700966AA7 /* Foundation.framework in Frameworks */ = {isa = PBXBuildFile; fileRef = 14B920471515171700966AA7 /* Foundation.framework */; };
		14B9208D1515195A00966AA7 /* Database.h in Headers */ = {isa = PBXBuildFile; fileRef = 14B920801515195A00966AA7 /* Database.h */; };
		14B9208E1515195A00966AA7 /* Database.i.h in Headers */ = {isa = PBXBuildFile; fileRef = 14B920811515195A00966AA7 /* Database.i.h */; };
		14B9208F1515195A00966AA7 /* Database.m in Sources */ = {isa = PBXBuildFile; fileRef = 14B920821515195A00966AA7 /* Database.m */; };
		14B920901515195A00966AA7 /* DatabaseNode.h in Headers */ = {isa = PBXBuildFile; fileRef = 14B920831515195A00966AA7 /* DatabaseNode.h */; };
		14B920911515195A00966AA7 /* DatabaseNode.i.h in Headers */ = {isa = PBXBuildFile; fileRef = 14B920841515195A00966AA7 /* DatabaseNode.i.h */; };
		14B920921515195A00966AA7 /* DatabaseNode.m in Sources */ = {isa = PBXBuildFile; fileRef = 14B920851515195A00966AA7 /* DatabaseNode.m */; };
		14B920931515195A00966AA7 /* Entry.h in Headers */ = {isa = PBXBuildFile; fileRef = 14B920861515195A00966AA7 /* Entry.h */; };
		14B920941515195A00966AA7 /* Entry.i.h in Headers */ = {isa = PBXBuildFile; fileRef = 14B920871515195A00966AA7 /* Entry.i.h */; };
		14B920951515195A00966AA7 /* Entry.m in Sources */ = {isa = PBXBuildFile; fileRef = 14B920881515195A00966AA7 /* Entry.m */; };
		14B920961515195A00966AA7 /* Group.h in Headers */ = {isa = PBXBuildFile; fileRef = 14B920891515195A00966AA7 /* Group.h */; };
		14B920971515195A00966AA7 /* Group.i.h in Headers */ = {isa = PBXBuildFile; fileRef = 14B9208A1515195A00966AA7 /* Group.i.h */; };
		14B920981515195A00966AA7 /* Group.m in Sources */ = {isa = PBXBuildFile; fileRef = 14B9208B1515195A00966AA7 /* Group.m */; };
		14B920991515195A00966AA7 /* Untitled.m in Sources */ = {isa = PBXBuildFile; fileRef = 14B9208C1515195A00966AA7 /* Untitled.m */; };
/* End PBXBuildFile section */

/* Begin PBXFileReference section */
		14B920441515171700966AA7 /* libsilverlocklibios.a */ = {isa = PBXFileReference; explicitFileType = archive.ar; includeInIndex = 0; path = libsilverlocklibios.a; sourceTree = BUILT_PRODUCTS_DIR; };
		14B920471515171700966AA7 /* Foundation.framework */ = {isa = PBXFileReference; lastKnownFileType = wrapper.framework; name = Foundation.framework; path = System/Library/Frameworks/Foundation.framework; sourceTree = SDKROOT; };
		14B9204B1515171700966AA7 /* silverlocklibios-Prefix.pch */ = {isa = PBXFileReference; lastKnownFileType = sourcecode.c.h; path = "silverlocklibios-Prefix.pch"; sourceTree = "<group>"; };
		14B920801515195A00966AA7 /* Database.h */ = {isa = PBXFileReference; fileEncoding = 4; lastKnownFileType = sourcecode.c.h; path = Database.h; sourceTree = "<group>"; };
		14B920811515195A00966AA7 /* Database.i.h */ = {isa = PBXFileReference; fileEncoding = 4; lastKnownFileType = sourcecode.c.h; path = Database.i.h; sourceTree = "<group>"; };
		14B920821515195A00966AA7 /* Database.m */ = {isa = PBXFileReference; fileEncoding = 4; lastKnownFileType = sourcecode.c.objc; path = Database.m; sourceTree = "<group>"; };
		14B920831515195A00966AA7 /* DatabaseNode.h */ = {isa = PBXFileReference; fileEncoding = 4; lastKnownFileType = sourcecode.c.h; path = DatabaseNode.h; sourceTree = "<group>"; };
		14B920841515195A00966AA7 /* DatabaseNode.i.h */ = {isa = PBXFileReference; fileEncoding = 4; lastKnownFileType = sourcecode.c.h; path = DatabaseNode.i.h; sourceTree = "<group>"; };
		14B920851515195A00966AA7 /* DatabaseNode.m */ = {isa = PBXFileReference; fileEncoding = 4; lastKnownFileType = sourcecode.c.objc; path = DatabaseNode.m; sourceTree = "<group>"; };
		14B920861515195A00966AA7 /* Entry.h */ = {isa = PBXFileReference; fileEncoding = 4; lastKnownFileType = sourcecode.c.h; path = Entry.h; sourceTree = "<group>"; };
		14B920871515195A00966AA7 /* Entry.i.h */ = {isa = PBXFileReference; fileEncoding = 4; lastKnownFileType = sourcecode.c.h; path = Entry.i.h; sourceTree = "<group>"; };
		14B920881515195A00966AA7 /* Entry.m */ = {isa = PBXFileReference; fileEncoding = 4; lastKnownFileType = sourcecode.c.objc; path = Entry.m; sourceTree = "<group>"; };
		14B920891515195A00966AA7 /* Group.h */ = {isa = PBXFileReference; fileEncoding = 4; lastKnownFileType = sourcecode.c.h; path = Group.h; sourceTree = "<group>"; };
		14B9208A1515195A00966AA7 /* Group.i.h */ = {isa = PBXFileReference; fileEncoding = 4; lastKnownFileType = sourcecode.c.h; path = Group.i.h; sourceTree = "<group>"; };
		14B9208B1515195A00966AA7 /* Group.m */ = {isa = PBXFileReference; fileEncoding = 4; lastKnownFileType = sourcecode.c.objc; path = Group.m; sourceTree = "<group>"; };
		14B9208C1515195A00966AA7 /* Untitled.m */ = {isa = PBXFileReference; fileEncoding = 4; lastKnownFileType = sourcecode.c.objc; path = Untitled.m; sourceTree = "<group>"; };
/* End PBXFileReference section */

/* Begin PBXFrameworksBuildPhase section */
		14B920411515171600966AA7 /* Frameworks */ = {
			isa = PBXFrameworksBuildPhase;
			buildActionMask = 2147483647;
			files = (
				14B920481515171700966AA7 /* Foundation.framework in Frameworks */,
			);
			runOnlyForDeploymentPostprocessing = 0;
		};
/* End PBXFrameworksBuildPhase section */

/* Begin PBXGroup section */
		14B920391515171500966AA7 = {
			isa = PBXGroup;
			children = (
				14B920491515171700966AA7 /* src */,
				14B920461515171700966AA7 /* Frameworks */,
				14B920451515171700966AA7 /* Products */,
			);
			sourceTree = "<group>";
		};
		14B920451515171700966AA7 /* Products */ = {
			isa = PBXGroup;
			children = (
				14B920441515171700966AA7 /* libsilverlocklibios.a */,
			);
			name = Products;
			sourceTree = "<group>";
		};
		14B920461515171700966AA7 /* Frameworks */ = {
			isa = PBXGroup;
			children = (
				14B920471515171700966AA7 /* Foundation.framework */,
			);
			name = Frameworks;
			sourceTree = "<group>";
		};
		14B920491515171700966AA7 /* src */ = {
			isa = PBXGroup;
			children = (
				14B920801515195A00966AA7 /* Database.h */,
				14B920811515195A00966AA7 /* Database.i.h */,
				14B920821515195A00966AA7 /* Database.m */,
				14B920831515195A00966AA7 /* DatabaseNode.h */,
				14B920841515195A00966AA7 /* DatabaseNode.i.h */,
				14B920851515195A00966AA7 /* DatabaseNode.m */,
				14B920861515195A00966AA7 /* Entry.h */,
				14B920871515195A00966AA7 /* Entry.i.h */,
				14B920881515195A00966AA7 /* Entry.m */,
				14B920891515195A00966AA7 /* Group.h */,
				14B9208A1515195A00966AA7 /* Group.i.h */,
				14B9208B1515195A00966AA7 /* Group.m */,
				14B9208C1515195A00966AA7 /* Untitled.m */,
				14B9204A1515171700966AA7 /* Supporting Files */,
			);
			path = src;
			sourceTree = "<group>";
		};
		14B9204A1515171700966AA7 /* Supporting Files */ = {
			isa = PBXGroup;
			children = (
				14B9204B1515171700966AA7 /* silverlocklibios-Prefix.pch */,
			);
			name = "Supporting Files";
			sourceTree = "<group>";
		};
/* End PBXGroup section */

/* Begin PBXHeadersBuildPhase section */
		14B920421515171600966AA7 /* Headers */ = {
			isa = PBXHeadersBuildPhase;
			buildActionMask = 2147483647;
			files = (
				14B9208D1515195A00966AA7 /* Database.h in Headers */,
				14B9208E1515195A00966AA7 /* Database.i.h in Headers */,
				14B920901515195A00966AA7 /* DatabaseNode.h in Headers */,
				14B920911515195A00966AA7 /* DatabaseNode.i.h in Headers */,
				14B920931515195A00966AA7 /* Entry.h in Headers */,
				14B920941515195A00966AA7 /* Entry.i.h in Headers */,
				14B920961515195A00966AA7 /* Group.h in Headers */,
				14B920971515195A00966AA7 /* Group.i.h in Headers */,
			);
			runOnlyForDeploymentPostprocessing = 0;
		};
/* End PBXHeadersBuildPhase section */

/* Begin PBXNativeTarget section */
		14B920431515171600966AA7 /* silverlocklibios */ = {
			isa = PBXNativeTarget;
			buildConfigurationList = 14B920511515171700966AA7 /* Build configuration list for PBXNativeTarget "silverlocklibios" */;
			buildPhases = (
				14B920401515171600966AA7 /* Sources */,
				14B920411515171600966AA7 /* Frameworks */,
				14B920421515171600966AA7 /* Headers */,
			);
			buildRules = (
			);
			dependencies = (
			);
			name = silverlocklibios;
			productName = silverlocklibios;
			productReference = 14B920441515171700966AA7 /* libsilverlocklibios.a */;
			productType = "com.apple.product-type.library.static";
		};
/* End PBXNativeTarget section */

/* Begin PBXProject section */
		14B9203B1515171500966AA7 /* Project object */ = {
			isa = PBXProject;
			attributes = {
				LastUpgradeCheck = 0430;
			};
			buildConfigurationList = 14B9203E1515171500966AA7 /* Build configuration list for PBXProject "silverlocklibios" */;
			compatibilityVersion = "Xcode 3.2";
			developmentRegion = English;
			hasScannedForEncodings = 0;
			knownRegions = (
				en,
			);
			mainGroup = 14B920391515171500966AA7;
			productRefGroup = 14B920451515171700966AA7 /* Products */;
			projectDirPath = "";
			projectRoot = "";
			targets = (
				14B920431515171600966AA7 /* silverlocklibios */,
			);
		};
/* End PBXProject section */

/* Begin PBXSourcesBuildPhase section */
		14B920401515171600966AA7 /* Sources */ = {
			isa = PBXSourcesBuildPhase;
			buildActionMask = 2147483647;
			files = (
				14B9208F1515195A00966AA7 /* Database.m in Sources */,
				14B920921515195A00966AA7 /* DatabaseNode.m in Sources */,
				14B920951515195A00966AA7 /* Entry.m in Sources */,
				14B920981515195A00966AA7 /* Group.m in Sources */,
				14B920991515195A00966AA7 /* Untitled.m in Sources */,
			);
			runOnlyForDeploymentPostprocessing = 0;
		};
/* End PBXSourcesBuildPhase section */

/* Begin XCBuildConfiguration section */
		14B9204F1515171700966AA7 /* Debug */ = {
			isa = XCBuildConfiguration;
			buildSettings = {
				ALWAYS_SEARCH_USER_PATHS = NO;
				ARCHS = "$(ARCHS_STANDARD_32_BIT)";
				COPY_PHASE_STRIP = NO;
				GCC_C_LANGUAGE_STANDARD = gnu99;
				GCC_DYNAMIC_NO_PIC = NO;
				GCC_OPTIMIZATION_LEVEL = 0;
				GCC_PREPROCESSOR_DEFINITIONS = (
					"DEBUG=1",
					"$(inherited)",
				);
				GCC_SYMBOLS_PRIVATE_EXTERN = NO;
				GCC_VERSION = com.apple.compilers.llvm.clang.1_0;
				GCC_WARN_ABOUT_RETURN_TYPE = YES;
				GCC_WARN_UNINITIALIZED_AUTOS = YES;
				GCC_WARN_UNUSED_VARIABLE = YES;
				IPHONEOS_DEPLOYMENT_TARGET = 5.1;
				SDKROOT = iphoneos;
			};
			name = Debug;
		};
		14B920501515171700966AA7 /* Release */ = {
			isa = XCBuildConfiguration;
			buildSettings = {
				ALWAYS_SEARCH_USER_PATHS = NO;
				ARCHS = "$(ARCHS_STANDARD_32_BIT)";
				COPY_PHASE_STRIP = YES;
				GCC_C_LANGUAGE_STANDARD = gnu99;
				GCC_VERSION = com.apple.compilers.llvm.clang.1_0;
				GCC_WARN_ABOUT_RETURN_TYPE = YES;
				GCC_WARN_UNINITIALIZED_AUTOS = YES;
				GCC_WARN_UNUSED_VARIABLE = YES;
				IPHONEOS_DEPLOYMENT_TARGET = 5.1;
				SDKROOT = iphoneos;
				VALIDATE_PRODUCT = YES;
			};
			name = Release;
		};
		14B920521515171700966AA7 /* Debug */ = {
			isa = XCBuildConfiguration;
			buildSettings = {
				DSTROOT = /tmp/silverlocklibios.dst;
				GCC_PRECOMPILE_PREFIX_HEADER = YES;
				GCC_PREFIX_HEADER = "src/silverlocklibios-Prefix.pch";
				OTHER_LDFLAGS = "-ObjC";
				PRODUCT_NAME = "$(TARGET_NAME)";
				SKIP_INSTALL = YES;
				TARGETED_DEVICE_FAMILY = "1,2";
			};
			name = Debug;
		};
		14B920531515171700966AA7 /* Release */ = {
			isa = XCBuildConfiguration;
			buildSettings = {
				DSTROOT = /tmp/silverlocklibios.dst;
				GCC_PRECOMPILE_PREFIX_HEADER = YES;
				GCC_PREFIX_HEADER = "src/silverlocklibios-Prefix.pch";
				OTHER_LDFLAGS = "-ObjC";
				PRODUCT_NAME = "$(TARGET_NAME)";
				SKIP_INSTALL = YES;
				TARGETED_DEVICE_FAMILY = "1,2";
			};
			name = Release;
		};
/* End XCBuildConfiguration section */

/* Begin XCConfigurationList section */
		14B9203E1515171500966AA7 /* Build configuration list for PBXProject "silverlocklibios" */ = {
			isa = XCConfigurationList;
			buildConfigurations = (
				14B9204F1515171700966AA7 /* Debug */,
				14B920501515171700966AA7 /* Release */,
			);
			defaultConfigurationIsVisible = 0;
			defaultConfigurationName = Release;
		};
		14B920511515171700966AA7 /* Build configuration list for PBXNativeTarget "silverlocklibios" */ = {
			isa = XCConfigurationList;
			buildConfigurations = (
				14B920521515171700966AA7 /* Debug */,
				14B920531515171700966AA7 /* Release */,
			);
			defaultConfigurationIsVisible = 0;
			defaultConfigurationName = Release;
		};
/* End XCConfigurationList section */
	};
	rootObject = 14B9203B1515171500966AA7 /* Project object */;
}
